
Microsoft Visual Studio Solution File, Format Version 12.00
# Visual Studio Version 17
VisualStudioVersion = 17.11.35327.3
MinimumVisualStudioVersion = 10.0.40219.1
Project("{2150E333-8FDC-42A3-9474-1A3956D46DE8}") = "Doc", "Doc", "{FCD8FFAB-5741-4357-8CF0-F24DD5442EE8}"
EndProject
Project("{2150E333-8FDC-42A3-9474-1A3956D46DE8}") = "Src", "Src", "{9E8506F3-C886-4E3F-9BA4-A57C1D7728B9}"
EndProject
Project("{2150E333-8FDC-42A3-9474-1A3956D46DE8}") = "Test", "Test", "{317A2BE1-8E29-481D-9137-EF3818710592}"
EndProject
Project("{2150E333-8FDC-42A3-9474-1A3956D46DE8}") = "Core", "Core", "{25B3D0A0-06D7-44DD-AEC1-082C5CD8F62E}"
EndProject
Project("{2150E333-8FDC-42A3-9474-1A3956D46DE8}") = "Infrastructure", "Infrastructure", "{9D603B6C-0FF8-4206-9245-01D652A7B4F1}"
EndProject
Project("{2150E333-8FDC-42A3-9474-1A3956D46DE8}") = "Persentation", "Persentation", "{81172549-0106-4902-9FF6-634C9CA3E4D8}"
EndProject
Project("{2150E333-8FDC-42A3-9474-1A3956D46DE8}") = "Common", "Common", "{47E91780-9EF3-4442-8E17-1DF2D59B7F6B}"
EndProject
Project("{9A19103F-16F7-4668-BE54-9A1E7A4F7556}") = "Shop2.Domin", "Shop2.Domin\Shop2.Domin.csproj", "{4D40C883-FDB7-4F77-97A0-4F1C081D201A}"
EndProject
Project("{9A19103F-16F7-4668-BE54-9A1E7A4F7556}") = "Shop2.Appliction", "Shop2.Appliction\Shop2.Appliction.csproj", "{8736D99C-B554-4B4E-8470-4B627402B4C8}"
EndProject
Project("{FAE04EC0-301F-11D3-BF4B-00C04F79EFBC}") = "Shop2.Infrastructure", "Shop2.Infrastructure\Shop2.Infrastructure.csproj", "{DE1FB411-0F93-4CDC-B983-96973EE3E43A}"
EndProject
Project("{FAE04EC0-301F-11D3-BF4B-00C04F79EFBC}") = "Shop2.Persistence", "Shop2.Persistence\Shop2.Persistence.csproj", "{EF04966E-C501-4758-A6C7-2F89E233E684}"
EndProject
Project("{FAE04EC0-301F-11D3-BF4B-00C04F79EFBC}") = "Shop2.Common", "Shop2.Common\Shop2.Common.csproj", "{B6739A7E-13A7-417B-8B4E-E0287615926D}"
EndProject
Project("{FAE04EC0-301F-11D3-BF4B-00C04F79EFBC}") = "EndPoint.WebSite", "EndPoint.WebSite\EndPoint.WebSite.csproj", "{F1D64B78-AF52-46E3-89E2-577A10E8F3F5}"
EndProject
Global
	GlobalSection(SolutionConfigurationPlatforms) = preSolution
		Debug|Any CPU = Debug|Any CPU
		Release|Any CPU = Release|Any CPU
	EndGlobalSection
	GlobalSection(ProjectConfigurationPlatforms) = postSolution
		{4D40C883-FDB7-4F77-97A0-4F1C081D201A}.Debug|Any CPU.ActiveCfg = Debug|Any CPU
		{4D40C883-FDB7-4F77-97A0-4F1C081D201A}.Debug|Any CPU.Build.0 = Debug|Any CPU
		{4D40C883-FDB7-4F77-97A0-4F1C081D201A}.Release|Any CPU.ActiveCfg = Release|Any CPU
		{4D40C883-FDB7-4F77-97A0-4F1C081D201A}.Release|Any CPU.Build.0 = Release|Any CPU
		{8736D99C-B554-4B4E-8470-4B627402B4C8}.Debug|Any CPU.ActiveCfg = Debug|Any CPU
		{8736D99C-B554-4B4E-8470-4B627402B4C8}.Debug|Any CPU.Build.0 = Debug|Any CPU
		{8736D99C-B554-4B4E-8470-4B627402B4C8}.Release|Any CPU.ActiveCfg = Release|Any CPU
		{8736D99C-B554-4B4E-8470-4B627402B4C8}.Release|Any CPU.Build.0 = Release|Any CPU
		{DE1FB411-0F93-4CDC-B983-96973EE3E43A}.Debug|Any CPU.ActiveCfg = Debug|Any CPU
		{DE1FB411-0F93-4CDC-B983-96973EE3E43A}.Debug|Any CPU.Build.0 = Debug|Any CPU
		{DE1FB411-0F93-4CDC-B983-96973EE3E43A}.Release|Any CPU.ActiveCfg = Release|Any CPU
		{DE1FB411-0F93-4CDC-B983-96973EE3E43A}.Release|Any CPU.Build.0 = Release|Any CPU
		{EF04966E-C501-4758-A6C7-2F89E233E684}.Debug|Any CPU.ActiveCfg = Debug|Any CPU
		{EF04966E-C501-4758-A6C7-2F89E233E684}.Debug|Any CPU.Build.0 = Debug|Any CPU
		{EF04966E-C501-4758-A6C7-2F89E233E684}.Release|Any CPU.ActiveCfg = Release|Any CPU
		{EF04966E-C501-4758-A6C7-2F89E233E684}.Release|Any CPU.Build.0 = Release|Any CPU
		{B6739A7E-13A7-417B-8B4E-E0287615926D}.Debug|Any CPU.ActiveCfg = Debug|Any CPU
		{B6739A7E-13A7-417B-8B4E-E0287615926D}.Debug|Any CPU.Build.0 = Debug|Any CPU
		{B6739A7E-13A7-417B-8B4E-E0287615926D}.Release|Any CPU.ActiveCfg = Release|Any CPU
		{B6739A7E-13A7-417B-8B4E-E0287615926D}.Release|Any CPU.Build.0 = Release|Any CPU
		{F1D64B78-AF52-46E3-89E2-577A10E8F3F5}.Debug|Any CPU.ActiveCfg = Debug|Any CPU
		{F1D64B78-AF52-46E3-89E2-577A10E8F3F5}.Debug|Any CPU.Build.0 = Debug|Any CPU
		{F1D64B78-AF52-46E3-89E2-577A10E8F3F5}.Release|Any CPU.ActiveCfg = Release|Any CPU
		{F1D64B78-AF52-46E3-89E2-577A10E8F3F5}.Release|Any CPU.Build.0 = Release|Any CPU
	EndGlobalSection
	GlobalSection(SolutionProperties) = preSolution
		HideSolutionNode = FALSE
	EndGlobalSection
	GlobalSection(NestedProjects) = preSolution
		{25B3D0A0-06D7-44DD-AEC1-082C5CD8F62E} = {9E8506F3-C886-4E3F-9BA4-A57C1D7728B9}
		{9D603B6C-0FF8-4206-9245-01D652A7B4F1} = {9E8506F3-C886-4E3F-9BA4-A57C1D7728B9}
		{81172549-0106-4902-9FF6-634C9CA3E4D8} = {9E8506F3-C886-4E3F-9BA4-A57C1D7728B9}
		{47E91780-9EF3-4442-8E17-1DF2D59B7F6B} = {9E8506F3-C886-4E3F-9BA4-A57C1D7728B9}
		{4D40C883-FDB7-4F77-97A0-4F1C081D201A} = {25B3D0A0-06D7-44DD-AEC1-082C5CD8F62E}
		{8736D99C-B554-4B4E-8470-4B627402B4C8} = {25B3D0A0-06D7-44DD-AEC1-082C5CD8F62E}
		{DE1FB411-0F93-4CDC-B983-96973EE3E43A} = {9D603B6C-0FF8-4206-9245-01D652A7B4F1}
		{EF04966E-C501-4758-A6C7-2F89E233E684} = {9D603B6C-0FF8-4206-9245-01D652A7B4F1}
		{B6739A7E-13A7-417B-8B4E-E0287615926D} = {47E91780-9EF3-4442-8E17-1DF2D59B7F6B}
		{F1D64B78-AF52-46E3-89E2-577A10E8F3F5} = {81172549-0106-4902-9FF6-634C9CA3E4D8}
	EndGlobalSection
	GlobalSection(ExtensibilityGlobals) = postSolution
		SolutionGuid = {8EAFC9B8-62F1-4464-91D1-55E3654B25AC}
	EndGlobalSection
EndGlobal
